{
  "version": 4,
  "terraform_version": "1.0.3",
  "serial": 51,
  "lineage": "2afff57d-ee25-cc88-8cc6-6375182d1354",
  "outputs": {
    "petclinicname": {
      "value": "nani_vpc.petclinic.cidr_block",
      "type": "string"
    }
  },
  "resources": [
    {
      "mode": "data",
      "type": "template_file",
      "name": "user_data",
      "provider": "provider[\"registry.terraform.io/hashicorp/template\"]",
      "instances": [
        {
          "schema_version": 0,
          "attributes": {
            "filename": null,
            "id": "9a7ab4da1239429ba6ce6b73b89f2d8b1908722cc6bfb8dd3b35e554d63fe082",
            "rendered": "#!/bin/bash\nyum update -y\nyum install httpd -y \nsystemctl start httpd ",
            "template": "#!/bin/bash\nyum update -y\nyum install httpd -y \nsystemctl start httpd ",
            "vars": null
          },
          "sensitive_attributes": []
        }
      ]
    },
    {
      "mode": "managed",
      "type": "aws_eip",
      "name": "natIp",
      "provider": "provider[\"registry.terraform.io/hashicorp/aws\"]",
      "instances": [
        {
          "schema_version": 0,
          "attributes": {
            "address": null,
            "allocation_id": "eipalloc-0194c6619f38b3913",
            "associate_with_private_ip": null,
            "association_id": "eipassoc-062eed00c93d31b19",
            "carrier_ip": "",
            "customer_owned_ip": "",
            "customer_owned_ipv4_pool": "",
            "domain": "vpc",
            "id": "eipalloc-0194c6619f38b3913",
            "instance": "",
            "network_border_group": "ap-south-1",
            "network_interface": "eni-027d252ef796bf0b7",
            "private_dns": "ip-10-1-0-159.ap-south-1.compute.internal",
            "private_ip": "10.1.0.159",
            "public_dns": "ec2-3-109-36-246.ap-south-1.compute.amazonaws.com",
            "public_ip": "3.109.36.246",
            "public_ipv4_pool": "amazon",
            "tags": {
              "Name": "nani-petclinic-natIp"
            },
            "tags_all": {
              "Name": "nani-petclinic-natIp"
            },
            "timeouts": null,
            "vpc": true
          },
          "sensitive_attributes": [],
          "private": "eyJlMmJmYjczMC1lY2FhLTExZTYtOGY4OC0zNDM2M2JjN2M0YzAiOnsiZGVsZXRlIjoxODAwMDAwMDAwMDAsInJlYWQiOjkwMDAwMDAwMDAwMCwidXBkYXRlIjozMDAwMDAwMDAwMDB9fQ=="
        }
      ]
    },
    {
      "mode": "managed",
      "type": "aws_instance",
      "name": "tomcat",
      "provider": "provider[\"registry.terraform.io/hashicorp/aws\"]",
      "instances": [
        {
          "schema_version": 1,
          "attributes": {
            "ami": "ami-00bf4ae5a7909786c",
            "arn": "arn:aws:ec2:ap-south-1:705132973807:instance/i-0b70aa5ef6bb9b966",
            "associate_public_ip_address": false,
            "availability_zone": "ap-south-1a",
            "capacity_reservation_specification": [
              {
                "capacity_reservation_preference": "open",
                "capacity_reservation_target": []
              }
            ],
            "cpu_core_count": 1,
            "cpu_threads_per_core": 1,
            "credit_specification": [
              {
                "cpu_credits": "standard"
              }
            ],
            "disable_api_termination": false,
            "ebs_block_device": [],
            "ebs_optimized": false,
            "enclave_options": [
              {
                "enabled": false
              }
            ],
            "ephemeral_block_device": [],
            "get_password_data": false,
            "hibernation": false,
            "host_id": null,
            "iam_instance_profile": "",
            "id": "i-0b70aa5ef6bb9b966",
            "instance_initiated_shutdown_behavior": "stop",
            "instance_state": "running",
            "instance_type": "t2.micro",
            "ipv6_address_count": 0,
            "ipv6_addresses": [],
            "key_name": "petclinic-key",
            "launch_template": [],
            "metadata_options": [
              {
                "http_endpoint": "enabled",
                "http_put_response_hop_limit": 1,
                "http_tokens": "optional"
              }
            ],
            "monitoring": false,
            "network_interface": [],
            "outpost_arn": "",
            "password_data": "",
            "placement_group": "",
            "placement_partition_number": null,
            "primary_network_interface_id": "eni-0c2a5167b5849d411",
            "private_dns": "ip-10-1-3-55.ap-south-1.compute.internal",
            "private_ip": "10.1.3.55",
            "public_dns": "",
            "public_ip": "",
            "root_block_device": [
              {
                "delete_on_termination": true,
                "device_name": "/dev/xvda",
                "encrypted": false,
                "iops": 100,
                "kms_key_id": "",
                "tags": {},
                "throughput": 0,
                "volume_id": "vol-0d1dcff8c52c11651",
                "volume_size": 8,
                "volume_type": "gp2"
              }
            ],
            "secondary_private_ips": [],
            "security_groups": [
              "sg-086a4161b95f0e355"
            ],
            "source_dest_check": true,
            "subnet_id": "subnet-0e1eedb08871c8b39",
            "tags": {
              "Name": "nani-petclinic-tomcat"
            },
            "tags_all": {
              "Name": "nani-petclinic-tomcat"
            },
            "tenancy": "default",
            "timeouts": null,
            "user_data": "42a76a57de97404827ed41d2e5afd4a25b1e920e",
            "user_data_base64": null,
            "volume_tags": null,
            "vpc_security_group_ids": [
              "sg-086a4161b95f0e355"
            ]
          },
          "sensitive_attributes": [],
          "private": "eyJlMmJmYjczMC1lY2FhLTExZTYtOGY4OC0zNDM2M2JjN2M0YzAiOnsiY3JlYXRlIjo2MDAwMDAwMDAwMDAsImRlbGV0ZSI6MTIwMDAwMDAwMDAwMCwidXBkYXRlIjo2MDAwMDAwMDAwMDB9LCJzY2hlbWFfdmVyc2lvbiI6IjEifQ==",
          "dependencies": [
            "aws_key_pair.petclinic",
            "aws_security_group.tomcat-security-group",
            "aws_subnet.privatesubnet",
            "aws_vpc.petclinic",
            "data.template_file.user_data"
          ]
        }
      ]
    },
    {
      "mode": "managed",
      "type": "aws_internet_gateway",
      "name": "gw",
      "provider": "provider[\"registry.terraform.io/hashicorp/aws\"]",
      "instances": [
        {
          "schema_version": 0,
          "attributes": {
            "arn": "arn:aws:ec2:ap-south-1:705132973807:internet-gateway/igw-05dc16ce8e4792592",
            "id": "igw-05dc16ce8e4792592",
            "owner_id": "705132973807",
            "tags": {
              "Name": "nani-petclinic-igw"
            },
            "tags_all": {
              "Name": "nani-petclinic-igw"
            },
            "vpc_id": "vpc-009b3f4a09379f968"
          },
          "sensitive_attributes": [],
          "private": "bnVsbA==",
          "dependencies": [
            "aws_vpc.petclinic"
          ]
        }
      ]
    },
    {
      "mode": "managed",
      "type": "aws_key_pair",
      "name": "petclinic",
      "provider": "provider[\"registry.terraform.io/hashicorp/aws\"]",
      "instances": [
        {
          "schema_version": 1,
          "attributes": {
            "arn": "arn:aws:ec2:ap-south-1:705132973807:key-pair/petclinic-key",
            "fingerprint": "fc:84:a8:b1:31:fe:9d:f6:b1:16:67:76:88:44:8b:42",
            "id": "petclinic-key",
            "key_name": "petclinic-key",
            "key_name_prefix": "",
            "key_pair_id": "key-0487addd5328b696b",
            "public_key": "ssh-rsa AAAAB3NzaC1yc2EAAAADAQABAAABgQC/k5Lg8jK6d5jCJCKJlp2ocltd7WB9HZb2Vyid2w19xQ06O5A7zXLAdkN+3Nu+hdH1fpVW29fTIVeO/bN4FyipbRCrCiAAmztHkRDSHFuVy39flXPnIJIlHC9zZtwgd5PaHy70fZ88RqEXl0Siksi0TG07NEFcpm0kxnMBNU5qr0xoR2UhmsSmqsDpPZuFnnHxrFe0xM6XG8FQ/eCnUfpRoC5ADqFvm+rpbXcVtM6gylSXwFdeqoyRZnUkfWGEbGAzK2wznOQqBaDPc2S1RsdAyzK9nGECfwTKebsg0i/ZU4S1/R03JCmX9Xxv5n96h/Vuh+It/lZCzaAfHE3JpUYeJUVFynyw+JfykyJD8Xce1XGxK2to0mZh8M5pU7uwhE5DeSmAr4jvY94+8gjEhIep/zmKsuQVaWhkLMlGYghV4iaodUj2tPLlnuxl/N/IltJ+dDkghF+MMi5a5hpF21kjZd7NkmGOjUuY9WO3ZfmxEujKpnPRue5XiG5SbeMEtfM= ANJU YADAV@LAPTOP-IFFFOLT4",
            "tags": {},
            "tags_all": {}
          },
          "sensitive_attributes": [],
          "private": "eyJzY2hlbWFfdmVyc2lvbiI6IjEifQ=="
        }
      ]
    },
    {
      "mode": "managed",
      "type": "aws_nat_gateway",
      "name": "natGw",
      "provider": "provider[\"registry.terraform.io/hashicorp/aws\"]",
      "instances": [
        {
          "schema_version": 0,
          "attributes": {
            "allocation_id": "eipalloc-0194c6619f38b3913",
            "connectivity_type": "public",
            "id": "nat-020ea0ba8fd2abedd",
            "network_interface_id": "eni-027d252ef796bf0b7",
            "private_ip": "10.1.0.159",
            "public_ip": "3.109.36.246",
            "subnet_id": "subnet-09ea6c7176e35c347",
            "tags": {
              "Name": "nani-petclinic-natGw"
            },
            "tags_all": {
              "Name": "nani-petclinic-natGw"
            }
          },
          "sensitive_attributes": [],
          "private": "bnVsbA==",
          "dependencies": [
            "aws_eip.natIp",
            "aws_subnet.pubsubnet",
            "aws_vpc.petclinic"
          ]
        }
      ]
    },
    {
      "mode": "managed",
      "type": "aws_route_table",
      "name": "dataeroute",
      "provider": "provider[\"registry.terraform.io/hashicorp/aws\"]",
      "instances": [
        {
          "schema_version": 0,
          "attributes": {
            "arn": "arn:aws:ec2:ap-south-1:705132973807:route-table/rtb-0aeb83b23f7d08b88",
            "id": "rtb-0aeb83b23f7d08b88",
            "owner_id": "705132973807",
            "propagating_vgws": [],
            "route": [
              {
                "carrier_gateway_id": "",
                "cidr_block": "0.0.0.0/0",
                "destination_prefix_list_id": "",
                "egress_only_gateway_id": "",
                "gateway_id": "",
                "instance_id": "",
                "ipv6_cidr_block": "",
                "local_gateway_id": "",
                "nat_gateway_id": "nat-020ea0ba8fd2abedd",
                "network_interface_id": "",
                "transit_gateway_id": "",
                "vpc_endpoint_id": "",
                "vpc_peering_connection_id": ""
              }
            ],
            "tags": {
              "Name": "nani-petclinic-dataroute"
            },
            "tags_all": {
              "Name": "nani-petclinic-dataroute"
            },
            "timeouts": null,
            "vpc_id": "vpc-009b3f4a09379f968"
          },
          "sensitive_attributes": [],
          "private": "eyJlMmJmYjczMC1lY2FhLTExZTYtOGY4OC0zNDM2M2JjN2M0YzAiOnsiY3JlYXRlIjoxMjAwMDAwMDAwMDAsImRlbGV0ZSI6MzAwMDAwMDAwMDAwLCJ1cGRhdGUiOjEyMDAwMDAwMDAwMH19",
          "dependencies": [
            "aws_vpc.petclinic",
            "aws_eip.natIp",
            "aws_nat_gateway.natGw",
            "aws_subnet.pubsubnet"
          ]
        }
      ]
    },
    {
      "mode": "managed",
      "type": "aws_route_table",
      "name": "privateroute",
      "provider": "provider[\"registry.terraform.io/hashicorp/aws\"]",
      "instances": [
        {
          "schema_version": 0,
          "attributes": {
            "arn": "arn:aws:ec2:ap-south-1:705132973807:route-table/rtb-0a098bc7819ddd075",
            "id": "rtb-0a098bc7819ddd075",
            "owner_id": "705132973807",
            "propagating_vgws": [],
            "route": [
              {
                "carrier_gateway_id": "",
                "cidr_block": "0.0.0.0/0",
                "destination_prefix_list_id": "",
                "egress_only_gateway_id": "",
                "gateway_id": "",
                "instance_id": "",
                "ipv6_cidr_block": "",
                "local_gateway_id": "",
                "nat_gateway_id": "nat-020ea0ba8fd2abedd",
                "network_interface_id": "",
                "transit_gateway_id": "",
                "vpc_endpoint_id": "",
                "vpc_peering_connection_id": ""
              }
            ],
            "tags": {
              "Name": "nani-petclinic-privateroute"
            },
            "tags_all": {
              "Name": "nani-petclinic-privateroute"
            },
            "timeouts": null,
            "vpc_id": "vpc-009b3f4a09379f968"
          },
          "sensitive_attributes": [],
          "private": "eyJlMmJmYjczMC1lY2FhLTExZTYtOGY4OC0zNDM2M2JjN2M0YzAiOnsiY3JlYXRlIjoxMjAwMDAwMDAwMDAsImRlbGV0ZSI6MzAwMDAwMDAwMDAwLCJ1cGRhdGUiOjEyMDAwMDAwMDAwMH19",
          "dependencies": [
            "aws_eip.natIp",
            "aws_nat_gateway.natGw",
            "aws_subnet.pubsubnet",
            "aws_vpc.petclinic"
          ]
        }
      ]
    },
    {
      "mode": "managed",
      "type": "aws_route_table",
      "name": "publicroute",
      "provider": "provider[\"registry.terraform.io/hashicorp/aws\"]",
      "instances": [
        {
          "schema_version": 0,
          "attributes": {
            "arn": "arn:aws:ec2:ap-south-1:705132973807:route-table/rtb-00eb12594d2493edd",
            "id": "rtb-00eb12594d2493edd",
            "owner_id": "705132973807",
            "propagating_vgws": [],
            "route": [
              {
                "carrier_gateway_id": "",
                "cidr_block": "0.0.0.0/0",
                "destination_prefix_list_id": "",
                "egress_only_gateway_id": "",
                "gateway_id": "igw-05dc16ce8e4792592",
                "instance_id": "",
                "ipv6_cidr_block": "",
                "local_gateway_id": "",
                "nat_gateway_id": "",
                "network_interface_id": "",
                "transit_gateway_id": "",
                "vpc_endpoint_id": "",
                "vpc_peering_connection_id": ""
              }
            ],
            "tags": {
              "Name": "nani-petclinic-publicroute"
            },
            "tags_all": {
              "Name": "nani-petclinic-publicroute"
            },
            "timeouts": null,
            "vpc_id": "vpc-009b3f4a09379f968"
          },
          "sensitive_attributes": [],
          "private": "eyJlMmJmYjczMC1lY2FhLTExZTYtOGY4OC0zNDM2M2JjN2M0YzAiOnsiY3JlYXRlIjoxMjAwMDAwMDAwMDAsImRlbGV0ZSI6MzAwMDAwMDAwMDAwLCJ1cGRhdGUiOjEyMDAwMDAwMDAwMH19",
          "dependencies": [
            "aws_internet_gateway.gw",
            "aws_vpc.petclinic"
          ]
        }
      ]
    },
    {
      "mode": "managed",
      "type": "aws_route_table_association",
      "name": "datasubassocation",
      "provider": "provider[\"registry.terraform.io/hashicorp/aws\"]",
      "instances": [
        {
          "index_key": 0,
          "schema_version": 0,
          "attributes": {
            "gateway_id": "",
            "id": "rtbassoc-048407a12fb5707ae",
            "route_table_id": "rtb-0aeb83b23f7d08b88",
            "subnet_id": "subnet-09335449390ffa7ce"
          },
          "sensitive_attributes": [],
          "private": "bnVsbA==",
          "dependencies": [
            "aws_vpc.petclinic",
            "aws_eip.natIp",
            "aws_nat_gateway.natGw",
            "aws_route_table.dataeroute",
            "aws_subnet.datasubnet",
            "aws_subnet.pubsubnet"
          ]
        },
        {
          "index_key": 1,
          "schema_version": 0,
          "attributes": {
            "gateway_id": "",
            "id": "rtbassoc-0c05e4d56db01b94a",
            "route_table_id": "rtb-0aeb83b23f7d08b88",
            "subnet_id": "subnet-0872a13cd907d1592"
          },
          "sensitive_attributes": [],
          "private": "bnVsbA==",
          "dependencies": [
            "aws_subnet.pubsubnet",
            "aws_vpc.petclinic",
            "aws_eip.natIp",
            "aws_nat_gateway.natGw",
            "aws_route_table.dataeroute",
            "aws_subnet.datasubnet"
          ]
        },
        {
          "index_key": 2,
          "schema_version": 0,
          "attributes": {
            "gateway_id": "",
            "id": "rtbassoc-079d07414a911b8c1",
            "route_table_id": "rtb-0aeb83b23f7d08b88",
            "subnet_id": "subnet-03c94d2caa5b64be8"
          },
          "sensitive_attributes": [],
          "private": "bnVsbA==",
          "dependencies": [
            "aws_subnet.pubsubnet",
            "aws_vpc.petclinic",
            "aws_eip.natIp",
            "aws_nat_gateway.natGw",
            "aws_route_table.dataeroute",
            "aws_subnet.datasubnet"
          ]
        }
      ]
    },
    {
      "mode": "managed",
      "type": "aws_route_table_association",
      "name": "prisubassocation",
      "provider": "provider[\"registry.terraform.io/hashicorp/aws\"]",
      "instances": [
        {
          "index_key": 0,
          "schema_version": 0,
          "attributes": {
            "gateway_id": "",
            "id": "rtbassoc-0fe46aac5190c9bbb",
            "route_table_id": "rtb-0a098bc7819ddd075",
            "subnet_id": "subnet-0e1eedb08871c8b39"
          },
          "sensitive_attributes": [],
          "private": "bnVsbA==",
          "dependencies": [
            "aws_subnet.pubsubnet",
            "aws_vpc.petclinic",
            "aws_eip.natIp",
            "aws_nat_gateway.natGw",
            "aws_route_table.privateroute",
            "aws_subnet.privatesubnet"
          ]
        },
        {
          "index_key": 1,
          "schema_version": 0,
          "attributes": {
            "gateway_id": "",
            "id": "rtbassoc-09b244b50f5735c73",
            "route_table_id": "rtb-0a098bc7819ddd075",
            "subnet_id": "subnet-04a6f6384aa1a9ac6"
          },
          "sensitive_attributes": [],
          "private": "bnVsbA==",
          "dependencies": [
            "aws_subnet.privatesubnet",
            "aws_subnet.pubsubnet",
            "aws_vpc.petclinic",
            "aws_eip.natIp",
            "aws_nat_gateway.natGw",
            "aws_route_table.privateroute"
          ]
        },
        {
          "index_key": 2,
          "schema_version": 0,
          "attributes": {
            "gateway_id": "",
            "id": "rtbassoc-04f473873b3c2353e",
            "route_table_id": "rtb-0a098bc7819ddd075",
            "subnet_id": "subnet-0cac7978ebc1a7a6e"
          },
          "sensitive_attributes": [],
          "private": "bnVsbA==",
          "dependencies": [
            "aws_nat_gateway.natGw",
            "aws_route_table.privateroute",
            "aws_subnet.privatesubnet",
            "aws_subnet.pubsubnet",
            "aws_vpc.petclinic",
            "aws_eip.natIp"
          ]
        }
      ]
    },
    {
      "mode": "managed",
      "type": "aws_route_table_association",
      "name": "pubsubassocation",
      "provider": "provider[\"registry.terraform.io/hashicorp/aws\"]",
      "instances": [
        {
          "index_key": 0,
          "schema_version": 0,
          "attributes": {
            "gateway_id": "",
            "id": "rtbassoc-04a630e52645ece16",
            "route_table_id": "rtb-00eb12594d2493edd",
            "subnet_id": "subnet-09ea6c7176e35c347"
          },
          "sensitive_attributes": [],
          "private": "bnVsbA==",
          "dependencies": [
            "aws_internet_gateway.gw",
            "aws_route_table.publicroute",
            "aws_subnet.pubsubnet",
            "aws_vpc.petclinic"
          ]
        },
        {
          "index_key": 1,
          "schema_version": 0,
          "attributes": {
            "gateway_id": "",
            "id": "rtbassoc-0964ac7af41d50834",
            "route_table_id": "rtb-00eb12594d2493edd",
            "subnet_id": "subnet-0a95daa23078d1c91"
          },
          "sensitive_attributes": [],
          "private": "bnVsbA==",
          "dependencies": [
            "aws_internet_gateway.gw",
            "aws_route_table.publicroute",
            "aws_subnet.pubsubnet",
            "aws_vpc.petclinic"
          ]
        },
        {
          "index_key": 2,
          "schema_version": 0,
          "attributes": {
            "gateway_id": "",
            "id": "rtbassoc-0a0995d7dbaff86c6",
            "route_table_id": "rtb-00eb12594d2493edd",
            "subnet_id": "subnet-0c4de57422443f495"
          },
          "sensitive_attributes": [],
          "private": "bnVsbA==",
          "dependencies": [
            "aws_route_table.publicroute",
            "aws_subnet.pubsubnet",
            "aws_vpc.petclinic",
            "aws_internet_gateway.gw"
          ]
        }
      ]
    },
    {
      "mode": "managed",
      "type": "aws_security_group",
      "name": "alb",
      "provider": "provider[\"registry.terraform.io/hashicorp/aws\"]",
      "instances": [
        {
          "schema_version": 1,
          "attributes": {
            "arn": "arn:aws:ec2:ap-south-1:705132973807:security-group/sg-0b2f84d22511c5cb6",
            "description": "Allow alb inbound traffic",
            "egress": [
              {
                "cidr_blocks": [
                  "0.0.0.0/0"
                ],
                "description": "",
                "from_port": 0,
                "ipv6_cidr_blocks": [
                  "::/0"
                ],
                "prefix_list_ids": [],
                "protocol": "-1",
                "security_groups": [],
                "self": false,
                "to_port": 0
              }
            ],
            "id": "sg-0b2f84d22511c5cb6",
            "ingress": [
              {
                "cidr_blocks": [
                  "0.0.0.0/0"
                ],
                "description": "alb from VPC",
                "from_port": 80,
                "ipv6_cidr_blocks": [],
                "prefix_list_ids": [],
                "protocol": "tcp",
                "security_groups": [],
                "self": false,
                "to_port": 80
              }
            ],
            "name": "alb",
            "name_prefix": "",
            "owner_id": "705132973807",
            "revoke_rules_on_delete": false,
            "tags": {
              "Name": "nani-petclinic-alb-sg"
            },
            "tags_all": {
              "Name": "nani-petclinic-alb-sg"
            },
            "timeouts": null,
            "vpc_id": "vpc-009b3f4a09379f968"
          },
          "sensitive_attributes": [],
          "private": "eyJlMmJmYjczMC1lY2FhLTExZTYtOGY4OC0zNDM2M2JjN2M0YzAiOnsiY3JlYXRlIjo2MDAwMDAwMDAwMDAsImRlbGV0ZSI6OTAwMDAwMDAwMDAwfSwic2NoZW1hX3ZlcnNpb24iOiIxIn0=",
          "dependencies": [
            "aws_vpc.petclinic"
          ]
        }
      ]
    },
    {
      "mode": "managed",
      "type": "aws_security_group",
      "name": "tomcat-security-group",
      "provider": "provider[\"registry.terraform.io/hashicorp/aws\"]",
      "instances": [
        {
          "schema_version": 1,
          "attributes": {
            "arn": "arn:aws:ec2:ap-south-1:705132973807:security-group/sg-086a4161b95f0e355",
            "description": "Allow SSH inbound traffic",
            "egress": [
              {
                "cidr_blocks": [
                  "0.0.0.0/0"
                ],
                "description": "",
                "from_port": 0,
                "ipv6_cidr_blocks": [],
                "prefix_list_ids": [],
                "protocol": "-1",
                "security_groups": [],
                "self": false,
                "to_port": 0
              }
            ],
            "id": "sg-086a4161b95f0e355",
            "ingress": [
              {
                "cidr_blocks": [
                  "0.0.0.0/0"
                ],
                "description": "",
                "from_port": 22,
                "ipv6_cidr_blocks": [],
                "prefix_list_ids": [],
                "protocol": "tcp",
                "security_groups": [],
                "self": false,
                "to_port": 22
              },
              {
                "cidr_blocks": [
                  "0.0.0.0/0"
                ],
                "description": "",
                "from_port": 8080,
                "ipv6_cidr_blocks": [],
                "prefix_list_ids": [],
                "protocol": "tcp",
                "security_groups": [],
                "self": false,
                "to_port": 8080
              }
            ],
            "name": "tomcat-security-group",
            "name_prefix": "",
            "owner_id": "705132973807",
            "revoke_rules_on_delete": false,
            "tags": null,
            "tags_all": {},
            "timeouts": null,
            "vpc_id": "vpc-009b3f4a09379f968"
          },
          "sensitive_attributes": [],
          "private": "eyJlMmJmYjczMC1lY2FhLTExZTYtOGY4OC0zNDM2M2JjN2M0YzAiOnsiY3JlYXRlIjo2MDAwMDAwMDAwMDAsImRlbGV0ZSI6OTAwMDAwMDAwMDAwfSwic2NoZW1hX3ZlcnNpb24iOiIxIn0=",
          "dependencies": [
            "aws_vpc.petclinic"
          ]
        }
      ]
    },
    {
      "mode": "managed",
      "type": "aws_subnet",
      "name": "datasubnet",
      "provider": "provider[\"registry.terraform.io/hashicorp/aws\"]",
      "instances": [
        {
          "index_key": 0,
          "schema_version": 1,
          "attributes": {
            "arn": "arn:aws:ec2:ap-south-1:705132973807:subnet/subnet-09335449390ffa7ce",
            "assign_ipv6_address_on_creation": false,
            "availability_zone": "ap-south-1a",
            "availability_zone_id": "aps1-az1",
            "cidr_block": "10.1.6.0/24",
            "customer_owned_ipv4_pool": "",
            "id": "subnet-09335449390ffa7ce",
            "ipv6_cidr_block": "",
            "ipv6_cidr_block_association_id": "",
            "map_customer_owned_ip_on_launch": false,
            "map_public_ip_on_launch": false,
            "outpost_arn": "",
            "owner_id": "705132973807",
            "tags": {
              "Name": "nani-petclinic-datasubnets t-1"
            },
            "tags_all": {
              "Name": "nani-petclinic-datasubnets t-1"
            },
            "timeouts": null,
            "vpc_id": "vpc-009b3f4a09379f968"
          },
          "sensitive_attributes": [],
          "private": "eyJlMmJmYjczMC1lY2FhLTExZTYtOGY4OC0zNDM2M2JjN2M0YzAiOnsiY3JlYXRlIjo2MDAwMDAwMDAwMDAsImRlbGV0ZSI6MTIwMDAwMDAwMDAwMH0sInNjaGVtYV92ZXJzaW9uIjoiMSJ9",
          "dependencies": [
            "aws_vpc.petclinic"
          ]
        },
        {
          "index_key": 1,
          "schema_version": 1,
          "attributes": {
            "arn": "arn:aws:ec2:ap-south-1:705132973807:subnet/subnet-0872a13cd907d1592",
            "assign_ipv6_address_on_creation": false,
            "availability_zone": "ap-south-1b",
            "availability_zone_id": "aps1-az3",
            "cidr_block": "10.1.7.0/24",
            "customer_owned_ipv4_pool": "",
            "id": "subnet-0872a13cd907d1592",
            "ipv6_cidr_block": "",
            "ipv6_cidr_block_association_id": "",
            "map_customer_owned_ip_on_launch": false,
            "map_public_ip_on_launch": false,
            "outpost_arn": "",
            "owner_id": "705132973807",
            "tags": {
              "Name": "nani-petclinic-datasubnets t-2"
            },
            "tags_all": {
              "Name": "nani-petclinic-datasubnets t-2"
            },
            "timeouts": null,
            "vpc_id": "vpc-009b3f4a09379f968"
          },
          "sensitive_attributes": [],
          "private": "eyJlMmJmYjczMC1lY2FhLTExZTYtOGY4OC0zNDM2M2JjN2M0YzAiOnsiY3JlYXRlIjo2MDAwMDAwMDAwMDAsImRlbGV0ZSI6MTIwMDAwMDAwMDAwMH0sInNjaGVtYV92ZXJzaW9uIjoiMSJ9",
          "dependencies": [
            "aws_vpc.petclinic"
          ]
        },
        {
          "index_key": 2,
          "schema_version": 1,
          "attributes": {
            "arn": "arn:aws:ec2:ap-south-1:705132973807:subnet/subnet-03c94d2caa5b64be8",
            "assign_ipv6_address_on_creation": false,
            "availability_zone": "ap-south-1c",
            "availability_zone_id": "aps1-az2",
            "cidr_block": "10.1.8.0/24",
            "customer_owned_ipv4_pool": "",
            "id": "subnet-03c94d2caa5b64be8",
            "ipv6_cidr_block": "",
            "ipv6_cidr_block_association_id": "",
            "map_customer_owned_ip_on_launch": false,
            "map_public_ip_on_launch": false,
            "outpost_arn": "",
            "owner_id": "705132973807",
            "tags": {
              "Name": "nani-petclinic-datasubnets t-3"
            },
            "tags_all": {
              "Name": "nani-petclinic-datasubnets t-3"
            },
            "timeouts": null,
            "vpc_id": "vpc-009b3f4a09379f968"
          },
          "sensitive_attributes": [],
          "private": "eyJlMmJmYjczMC1lY2FhLTExZTYtOGY4OC0zNDM2M2JjN2M0YzAiOnsiY3JlYXRlIjo2MDAwMDAwMDAwMDAsImRlbGV0ZSI6MTIwMDAwMDAwMDAwMH0sInNjaGVtYV92ZXJzaW9uIjoiMSJ9",
          "dependencies": [
            "aws_vpc.petclinic"
          ]
        }
      ]
    },
    {
      "mode": "managed",
      "type": "aws_subnet",
      "name": "privatesubnet",
      "provider": "provider[\"registry.terraform.io/hashicorp/aws\"]",
      "instances": [
        {
          "index_key": 0,
          "schema_version": 1,
          "attributes": {
            "arn": "arn:aws:ec2:ap-south-1:705132973807:subnet/subnet-0e1eedb08871c8b39",
            "assign_ipv6_address_on_creation": false,
            "availability_zone": "ap-south-1a",
            "availability_zone_id": "aps1-az1",
            "cidr_block": "10.1.3.0/24",
            "customer_owned_ipv4_pool": "",
            "id": "subnet-0e1eedb08871c8b39",
            "ipv6_cidr_block": "",
            "ipv6_cidr_block_association_id": "",
            "map_customer_owned_ip_on_launch": false,
            "map_public_ip_on_launch": false,
            "outpost_arn": "",
            "owner_id": "705132973807",
            "tags": {
              "Name": "nani-petclinic-privatesunet-1"
            },
            "tags_all": {
              "Name": "nani-petclinic-privatesunet-1"
            },
            "timeouts": null,
            "vpc_id": "vpc-009b3f4a09379f968"
          },
          "sensitive_attributes": [],
          "private": "eyJlMmJmYjczMC1lY2FhLTExZTYtOGY4OC0zNDM2M2JjN2M0YzAiOnsiY3JlYXRlIjo2MDAwMDAwMDAwMDAsImRlbGV0ZSI6MTIwMDAwMDAwMDAwMH0sInNjaGVtYV92ZXJzaW9uIjoiMSJ9",
          "dependencies": [
            "aws_vpc.petclinic"
          ]
        },
        {
          "index_key": 1,
          "schema_version": 1,
          "attributes": {
            "arn": "arn:aws:ec2:ap-south-1:705132973807:subnet/subnet-04a6f6384aa1a9ac6",
            "assign_ipv6_address_on_creation": false,
            "availability_zone": "ap-south-1b",
            "availability_zone_id": "aps1-az3",
            "cidr_block": "10.1.4.0/24",
            "customer_owned_ipv4_pool": "",
            "id": "subnet-04a6f6384aa1a9ac6",
            "ipv6_cidr_block": "",
            "ipv6_cidr_block_association_id": "",
            "map_customer_owned_ip_on_launch": false,
            "map_public_ip_on_launch": false,
            "outpost_arn": "",
            "owner_id": "705132973807",
            "tags": {
              "Name": "nani-petclinic-privatesunet-2"
            },
            "tags_all": {
              "Name": "nani-petclinic-privatesunet-2"
            },
            "timeouts": null,
            "vpc_id": "vpc-009b3f4a09379f968"
          },
          "sensitive_attributes": [],
          "private": "eyJlMmJmYjczMC1lY2FhLTExZTYtOGY4OC0zNDM2M2JjN2M0YzAiOnsiY3JlYXRlIjo2MDAwMDAwMDAwMDAsImRlbGV0ZSI6MTIwMDAwMDAwMDAwMH0sInNjaGVtYV92ZXJzaW9uIjoiMSJ9",
          "dependencies": [
            "aws_vpc.petclinic"
          ]
        },
        {
          "index_key": 2,
          "schema_version": 1,
          "attributes": {
            "arn": "arn:aws:ec2:ap-south-1:705132973807:subnet/subnet-0cac7978ebc1a7a6e",
            "assign_ipv6_address_on_creation": false,
            "availability_zone": "ap-south-1c",
            "availability_zone_id": "aps1-az2",
            "cidr_block": "10.1.5.0/24",
            "customer_owned_ipv4_pool": "",
            "id": "subnet-0cac7978ebc1a7a6e",
            "ipv6_cidr_block": "",
            "ipv6_cidr_block_association_id": "",
            "map_customer_owned_ip_on_launch": false,
            "map_public_ip_on_launch": false,
            "outpost_arn": "",
            "owner_id": "705132973807",
            "tags": {
              "Name": "nani-petclinic-privatesunet-3"
            },
            "tags_all": {
              "Name": "nani-petclinic-privatesunet-3"
            },
            "timeouts": null,
            "vpc_id": "vpc-009b3f4a09379f968"
          },
          "sensitive_attributes": [],
          "private": "eyJlMmJmYjczMC1lY2FhLTExZTYtOGY4OC0zNDM2M2JjN2M0YzAiOnsiY3JlYXRlIjo2MDAwMDAwMDAwMDAsImRlbGV0ZSI6MTIwMDAwMDAwMDAwMH0sInNjaGVtYV92ZXJzaW9uIjoiMSJ9",
          "dependencies": [
            "aws_vpc.petclinic"
          ]
        }
      ]
    },
    {
      "mode": "managed",
      "type": "aws_subnet",
      "name": "pubsubnet",
      "provider": "provider[\"registry.terraform.io/hashicorp/aws\"]",
      "instances": [
        {
          "index_key": 0,
          "schema_version": 1,
          "attributes": {
            "arn": "arn:aws:ec2:ap-south-1:705132973807:subnet/subnet-09ea6c7176e35c347",
            "assign_ipv6_address_on_creation": false,
            "availability_zone": "ap-south-1a",
            "availability_zone_id": "aps1-az1",
            "cidr_block": "10.1.0.0/24",
            "customer_owned_ipv4_pool": "",
            "id": "subnet-09ea6c7176e35c347",
            "ipv6_cidr_block": "",
            "ipv6_cidr_block_association_id": "",
            "map_customer_owned_ip_on_launch": false,
            "map_public_ip_on_launch": true,
            "outpost_arn": "",
            "owner_id": "705132973807",
            "tags": {
              "Name": "nani-petclinic-pubsunet-1"
            },
            "tags_all": {
              "Name": "nani-petclinic-pubsunet-1"
            },
            "timeouts": null,
            "vpc_id": "vpc-009b3f4a09379f968"
          },
          "sensitive_attributes": [],
          "private": "eyJlMmJmYjczMC1lY2FhLTExZTYtOGY4OC0zNDM2M2JjN2M0YzAiOnsiY3JlYXRlIjo2MDAwMDAwMDAwMDAsImRlbGV0ZSI6MTIwMDAwMDAwMDAwMH0sInNjaGVtYV92ZXJzaW9uIjoiMSJ9",
          "dependencies": [
            "aws_vpc.petclinic"
          ]
        },
        {
          "index_key": 1,
          "schema_version": 1,
          "attributes": {
            "arn": "arn:aws:ec2:ap-south-1:705132973807:subnet/subnet-0a95daa23078d1c91",
            "assign_ipv6_address_on_creation": false,
            "availability_zone": "ap-south-1b",
            "availability_zone_id": "aps1-az3",
            "cidr_block": "10.1.1.0/24",
            "customer_owned_ipv4_pool": "",
            "id": "subnet-0a95daa23078d1c91",
            "ipv6_cidr_block": "",
            "ipv6_cidr_block_association_id": "",
            "map_customer_owned_ip_on_launch": false,
            "map_public_ip_on_launch": true,
            "outpost_arn": "",
            "owner_id": "705132973807",
            "tags": {
              "Name": "nani-petclinic-pubsunet-2"
            },
            "tags_all": {
              "Name": "nani-petclinic-pubsunet-2"
            },
            "timeouts": null,
            "vpc_id": "vpc-009b3f4a09379f968"
          },
          "sensitive_attributes": [],
          "private": "eyJlMmJmYjczMC1lY2FhLTExZTYtOGY4OC0zNDM2M2JjN2M0YzAiOnsiY3JlYXRlIjo2MDAwMDAwMDAwMDAsImRlbGV0ZSI6MTIwMDAwMDAwMDAwMH0sInNjaGVtYV92ZXJzaW9uIjoiMSJ9",
          "dependencies": [
            "aws_vpc.petclinic"
          ]
        },
        {
          "index_key": 2,
          "schema_version": 1,
          "attributes": {
            "arn": "arn:aws:ec2:ap-south-1:705132973807:subnet/subnet-0c4de57422443f495",
            "assign_ipv6_address_on_creation": false,
            "availability_zone": "ap-south-1c",
            "availability_zone_id": "aps1-az2",
            "cidr_block": "10.1.2.0/24",
            "customer_owned_ipv4_pool": "",
            "id": "subnet-0c4de57422443f495",
            "ipv6_cidr_block": "",
            "ipv6_cidr_block_association_id": "",
            "map_customer_owned_ip_on_launch": false,
            "map_public_ip_on_launch": true,
            "outpost_arn": "",
            "owner_id": "705132973807",
            "tags": {
              "Name": "nani-petclinic-pubsunet-3"
            },
            "tags_all": {
              "Name": "nani-petclinic-pubsunet-3"
            },
            "timeouts": null,
            "vpc_id": "vpc-009b3f4a09379f968"
          },
          "sensitive_attributes": [],
          "private": "eyJlMmJmYjczMC1lY2FhLTExZTYtOGY4OC0zNDM2M2JjN2M0YzAiOnsiY3JlYXRlIjo2MDAwMDAwMDAwMDAsImRlbGV0ZSI6MTIwMDAwMDAwMDAwMH0sInNjaGVtYV92ZXJzaW9uIjoiMSJ9",
          "dependencies": [
            "aws_vpc.petclinic"
          ]
        }
      ]
    },
    {
      "mode": "managed",
      "type": "aws_vpc",
      "name": "petclinic",
      "provider": "provider[\"registry.terraform.io/hashicorp/aws\"]",
      "instances": [
        {
          "schema_version": 1,
          "attributes": {
            "arn": "arn:aws:ec2:ap-south-1:705132973807:vpc/vpc-009b3f4a09379f968",
            "assign_generated_ipv6_cidr_block": false,
            "cidr_block": "10.1.0.0/16",
            "default_network_acl_id": "acl-0634b655f02aa916b",
            "default_route_table_id": "rtb-039afb3a91e024910",
            "default_security_group_id": "sg-0753ebd560745a62b",
            "dhcp_options_id": "dopt-0f6ac55ff15a3303b",
            "enable_classiclink": null,
            "enable_classiclink_dns_support": null,
            "enable_dns_hostnames": true,
            "enable_dns_support": true,
            "id": "vpc-009b3f4a09379f968",
            "instance_tenancy": "default",
            "ipv6_association_id": "",
            "ipv6_cidr_block": "",
            "main_route_table_id": "rtb-039afb3a91e024910",
            "owner_id": "705132973807",
            "tags": {
              "Name": "nani-petclinic"
            },
            "tags_all": {
              "Name": "nani-petclinic"
            }
          },
          "sensitive_attributes": [],
          "private": "eyJzY2hlbWFfdmVyc2lvbiI6IjEifQ=="
        }
      ]
    }
  ]
}
